PODS:
  - AmazonPublisherServicesSDK (5.3.0)
  - AppLovinSDK (13.3.1)
  - AppMetricaAdSupport (5.12.1):
    - AppMetricaCore (= 5.12.1)
    - AppMetricaCoreExtension (= 5.12.1)
  - AppMetricaAnalytics (5.12.1):
    - AppMetricaAdSupport (= 5.12.1)
    - AppMetricaCore (= 5.12.1)
    - AppMetricaCrashes (= 5.12.1)
    - AppMetricaScreenshot (= 5.12.1)
    - AppMetricaWebKit (= 5.12.1)
  - AppMetricaCore (5.12.1):
    - AppMetricaCoreUtils (= 5.12.1)
    - AppMetricaEncodingUtils (= 5.12.1)
    - AppMetricaFMDB (= 5.12.1)
    - AppMetricaHostState (= 5.12.1)
    - AppMetricaIdentifiers (= 5.12.1)
    - AppMetricaKeychain (= 5.12.1)
    - AppMetricaLog (= 5.12.1)
    - AppMetricaNetwork (= 5.12.1)
    - AppMetricaPlatform (= 5.12.1)
    - AppMetricaProtobuf (= 5.12.1)
    - AppMetricaProtobufUtils (= 5.12.1)
    - AppMetricaStorageUtils (= 5.12.1)
  - AppMetricaCoreExtension (5.12.1):
    - AppMetricaCore (= 5.12.1)
    - AppMetricaStorageUtils (= 5.12.1)
  - AppMetricaCoreUtils (5.12.1):
    - AppMetricaLog (= 5.12.1)
  - AppMetricaCrashes (5.12.1):
    - AppMetricaCore (= 5.12.1)
    - AppMetricaCoreExtension (= 5.12.1)
    - AppMetricaCoreUtils (= 5.12.1)
    - AppMetricaEncodingUtils (= 5.12.1)
    - AppMetricaHostState (= 5.12.1)
    - AppMetricaLog (= 5.12.1)
    - AppMetricaPlatform (= 5.12.1)
    - AppMetricaProtobufUtils (= 5.12.1)
    - AppMetricaStorageUtils (= 5.12.1)
    - KSCrash/Recording (< 2.2.0, >= 2.1.0)
  - AppMetricaEncodingUtils (5.12.1):
    - AppMetricaCoreUtils (= 5.12.1)
    - AppMetricaLog (= 5.12.1)
    - AppMetricaPlatform (= 5.12.1)
  - AppMetricaFMDB (5.12.1)
  - AppMetricaHostState (5.12.1):
    - AppMetricaCoreUtils (= 5.12.1)
    - AppMetricaLog (= 5.12.1)
  - AppMetricaIdentifiers (5.12.1):
    - AppMetricaKeychain (= 5.12.1)
    - AppMetricaLogSwift (= 5.12.1)
    - AppMetricaPlatform (= 5.12.1)
    - AppMetricaStorageUtils (= 5.12.1)
    - AppMetricaSynchronization (= 5.12.1)
  - AppMetricaKeychain (5.12.1):
    - AppMetricaCoreUtils (= 5.12.1)
    - AppMetricaLog (= 5.12.1)
    - AppMetricaStorageUtils (= 5.12.1)
  - AppMetricaLibraryAdapter (5.12.1):
    - AppMetricaCore (= 5.12.1)
    - AppMetricaCoreExtension (= 5.12.1)
  - AppMetricaLog (5.12.1)
  - AppMetricaLogSwift (5.12.1):
    - AppMetricaLog (= 5.12.1)
  - AppMetricaNetwork (5.12.1):
    - AppMetricaCoreUtils (= 5.12.1)
    - AppMetricaLog (= 5.12.1)
    - AppMetricaPlatform (= 5.12.1)
  - AppMetricaPlatform (5.12.1):
    - AppMetricaCoreUtils (= 5.12.1)
    - AppMetricaLog (= 5.12.1)
  - AppMetricaProtobuf (5.12.1)
  - AppMetricaProtobufUtils (5.12.1):
    - AppMetricaProtobuf (= 5.12.1)
  - AppMetricaScreenshot (5.12.1):
    - AppMetricaCore (= 5.12.1)
    - AppMetricaCoreExtension (= 5.12.1)
  - AppMetricaStorageUtils (5.12.1):
    - AppMetricaCoreUtils (= 5.12.1)
    - AppMetricaLog (= 5.12.1)
  - AppMetricaSynchronization (5.12.1):
    - AppMetricaLogSwift (= 5.12.1)
  - AppMetricaWebKit (5.12.1):
    - AppMetricaCore (= 5.12.1)
    - AppMetricaCoreUtils (= 5.12.1)
    - AppMetricaLog (= 5.12.1)
  - AppsFlyerFramework (6.15.2):
    - AppsFlyerFramework/Main (= 6.15.2)
  - AppsFlyerFramework/Main (6.15.2)
  - BidMachine (3.4.0):
    - BidMachine/Static (= 3.4.0)
  - BidMachine/Static (3.4.0):
    - StackModules/Static (~> 3.3.0)
  - BigoADS (4.9.0)
  - ChartboostSDK (9.9.2)
  - DivKit (32.9.0):
    - DivKit_LayoutKit (= 32.9.0)
    - DivKit_Serialization (= 32.9.0)
    - VGSL (~> 7.3)
  - DivKit_LayoutKit (32.9.0):
    - DivKit_LayoutKitInterface (= 32.9.0)
    - VGSL (~> 7.3)
  - DivKit_LayoutKitInterface (32.9.0):
    - VGSL (~> 7.3)
  - DivKit_Serialization (32.9.0):
    - VGSL (~> 7.3)
  - DivKitBinaryCompatibilityFacade (5.2.0):
    - DivKit (~> 32.9)
  - FBAEMKit (17.1.0):
    - FBSDKCoreKit_Basics (= 17.1.0)
  - FBAudienceNetwork (6.20.1)
  - FBSDKCoreKit (17.1.0):
    - FBAEMKit (= 17.1.0)
    - FBSDKCoreKit_Basics (= 17.1.0)
  - FBSDKCoreKit_Basics (17.1.0)
  - FBSDKLoginKit (17.1.0):
    - FBSDKCoreKit (= 17.1.0)
  - Fyber_Marketplace_SDK (8.3.8)
  - Google-Mobile-Ads-SDK (12.8.0):
    - GoogleUserMessagingPlatform (>= 1.1)
  - GoogleUserMessagingPlatform (2.7.0)
  - InMobiSDK (10.8.6)
  - IronSourceAdQualitySDK (7.25.2)
  - IronSourceSDK (8.10.0.0):
    - IronSourceSDK/AdQuality (= 8.10.0.0)
    - IronSourceSDK/Ads (= 8.10.0.0)
  - IronSourceSDK/AdQuality (8.10.0.0):
    - IronSourceAdQualitySDK (~> 7.25.2)
  - IronSourceSDK/Ads (8.10.0.0)
  - KSCrash/Core (2.1.2)
  - KSCrash/Recording (2.1.2):
    - KSCrash/RecordingCore
  - KSCrash/RecordingCore (2.1.2):
    - KSCrash/Core
  - MintegralAdSDK (7.7.9):
    - MintegralAdSDK/BannerAd (= 7.7.9)
    - MintegralAdSDK/BidBannerAd (= 7.7.9)
    - MintegralAdSDK/BidInterstitialVideoAd (= 7.7.9)
    - MintegralAdSDK/BidNativeAd (= 7.7.9)
    - MintegralAdSDK/BidNewInterstitialAd (= 7.7.9)
    - MintegralAdSDK/BidRewardVideoAd (= 7.7.9)
    - MintegralAdSDK/InterstitialVideoAd (= 7.7.9)
    - MintegralAdSDK/NativeAd (= 7.7.9)
    - MintegralAdSDK/NewInterstitialAd (= 7.7.9)
    - MintegralAdSDK/RewardVideoAd (= 7.7.9)
  - MintegralAdSDK/BannerAd (7.7.9):
    - MintegralAdSDK/NativeAd
  - MintegralAdSDK/BidBannerAd (7.7.9):
    - MintegralAdSDK/BannerAd
    - MintegralAdSDK/BidNativeAd
  - MintegralAdSDK/BidInterstitialVideoAd (7.7.9):
    - MintegralAdSDK/BidNativeAd
    - MintegralAdSDK/InterstitialVideoAd
  - MintegralAdSDK/BidNativeAd (7.7.9):
    - MintegralAdSDK/NativeAd
  - MintegralAdSDK/BidNewInterstitialAd (7.7.9):
    - MintegralAdSDK/BidNativeAd
    - MintegralAdSDK/NewInterstitialAd
  - MintegralAdSDK/BidRewardVideoAd (7.7.9):
    - MintegralAdSDK/BidNativeAd
    - MintegralAdSDK/RewardVideoAd
  - MintegralAdSDK/InterstitialVideoAd (7.7.9):
    - MintegralAdSDK/NativeAd
  - MintegralAdSDK/NativeAd (7.7.9)
  - MintegralAdSDK/NewInterstitialAd (7.7.9):
    - MintegralAdSDK/InterstitialVideoAd
    - MintegralAdSDK/NativeAd
  - MintegralAdSDK/RewardVideoAd (7.7.9):
    - MintegralAdSDK/NativeAd
  - MobileFuseSDK (1.9.2)
  - MolocoSDKiOS (4.0.0)
  - myTargetSDK (5.33.0):
    - myTrackerSDK (~> 3.3.0)
  - myTrackerSDK (3.3.0)
  - OMSDK_Appodeal (1.5.2)
  - StackConsentManager (3.0.0):
    - GoogleUserMessagingPlatform (~> 2.1)
  - StackModules/Core-Static (3.3.1)
  - StackModules/ProductPresentation-Static (3.3.1):
    - StackModules/Core-Static
  - StackModules/Rendering-Static (3.3.1):
    - OMSDK_Appodeal (= 1.5.2)
    - StackModules/Core-Static
    - StackModules/ProductPresentation-Static
  - StackModules/Static (3.3.1):
    - StackModules/Core-Static
    - StackModules/ProductPresentation-Static
    - StackModules/Rendering-Static
  - StartAppSDK (4.11.0)
  - SwiftLint (0.61.0)
  - TaurusxAdsSDK (1.9.2):
    - TaurusxAdsSDK/TaurusxAds (= 1.9.2)
  - TaurusxAdsSDK/TaurusxAds (1.9.2)
  - UnityAds (4.16.0)
  - VGSL (7.11.0):
    - VGSLFundamentals (= 7.11.0)
    - VGSLNetworking (= 7.11.0)
    - VGSLUI (= 7.11.0)
  - VGSLFundamentals (7.11.0)
  - VGSLNetworking (7.11.0):
    - VGSLFundamentals (= 7.11.0)
    - VGSLUI (= 7.11.0)
  - VGSLUI (7.11.0):
    - VGSLFundamentals (= 7.11.0)
  - VungleAds (7.5.2)
  - YandexMobileAds (7.16.2):
    - AppMetricaAdSupport (~> 5.12.1)
    - AppMetricaCore (~> 5.12.1)
    - AppMetricaCrashes (~> 5.12.1)
    - AppMetricaLibraryAdapter (~> 5.12.1)
    - DivKitBinaryCompatibilityFacade (~> 5.2.0)

DEPENDENCIES:
  - AmazonPublisherServicesSDK (= 5.3.0)
  - AppLovinSDK (= 13.3.1)
  - AppLovinSDK (~> 13.3.1)
  - AppMetricaAnalytics (~> 5.12.1)
  - AppsFlyerFramework (= 6.15.2)
  - BidMachine (= 3.4.0)
  - BigoADS (= 4.9.0)
  - ChartboostSDK (= 9.9.2)
  - DivKit (= 32.9.0)
  - FBAudienceNetwork (= 6.20.1)
  - FBSDKLoginKit (~> 17.1.0)
  - Fyber_Marketplace_SDK (= 8.3.8)
  - Google-Mobile-Ads-SDK (= 12.8.0)
  - InMobiSDK (= 10.8.6)
  - IronSourceSDK (= 8.10.0)
  - IronSourceSDK (~> 8.10.0)
  - MintegralAdSDK (= 7.7.9)
  - MobileFuseSDK (= 1.9.2)
  - MolocoSDKiOS (~> 4.0.0)
  - myTargetSDK (= 5.33.0)
  - StackConsentManager (~> 3.0.0)
  - StartAppSDK (= 4.11.0)
  - SwiftLint
  - TaurusxAdsSDK (= 1.9.2)
  - UnityAds (= 4.16.0)
  - VungleAds (= 7.5.2)
  - YandexMobileAds (~> 7.16.2)

SPEC REPOS:
  https://github.com/appodeal/CocoaPods.git:
    - StackConsentManager
  trunk:
    - AmazonPublisherServicesSDK
    - AppLovinSDK
    - AppMetricaAdSupport
    - AppMetricaAnalytics
    - AppMetricaCore
    - AppMetricaCoreExtension
    - AppMetricaCoreUtils
    - AppMetricaCrashes
    - AppMetricaEncodingUtils
    - AppMetricaFMDB
    - AppMetricaHostState
    - AppMetricaIdentifiers
    - AppMetricaKeychain
    - AppMetricaLibraryAdapter
    - AppMetricaLog
    - AppMetricaLogSwift
    - AppMetricaNetwork
    - AppMetricaPlatform
    - AppMetricaProtobuf
    - AppMetricaProtobufUtils
    - AppMetricaScreenshot
    - AppMetricaStorageUtils
    - AppMetricaSynchronization
    - AppMetricaWebKit
    - AppsFlyerFramework
    - BidMachine
    - BigoADS
    - ChartboostSDK
    - DivKit
    - DivKit_LayoutKit
    - DivKit_LayoutKitInterface
    - DivKit_Serialization
    - DivKitBinaryCompatibilityFacade
    - FBAEMKit
    - FBAudienceNetwork
    - FBSDKCoreKit
    - FBSDKCoreKit_Basics
    - FBSDKLoginKit
    - Fyber_Marketplace_SDK
    - Google-Mobile-Ads-SDK
    - GoogleUserMessagingPlatform
    - InMobiSDK
    - IronSourceAdQualitySDK
    - IronSourceSDK
    - KSCrash
    - MintegralAdSDK
    - MobileFuseSDK
    - MolocoSDKiOS
    - myTargetSDK
    - myTrackerSDK
    - OMSDK_Appodeal
    - StackModules
    - StartAppSDK
    - SwiftLint
    - TaurusxAdsSDK
    - UnityAds
    - VGSL
    - VGSLFundamentals
    - VGSLNetworking
    - VGSLUI
    - VungleAds
    - YandexMobileAds

SPEC CHECKSUMS:
  AmazonPublisherServicesSDK: 351eb855ee50b7dfb15f7e2569c1bf31a5fa9fe7
  AppLovinSDK: 5075837afdee4fb429121799b8cbcc5918ef3a23
  AppMetricaAdSupport: 26884bc5ec935a990b6bbfa938c854c0fdf1b248
  AppMetricaAnalytics: 89c6cb2f7b6f75f83ccdab2b719afe9b51f1680d
  AppMetricaCore: 145ddc416db0a7eead339de9a5e1521863426a1b
  AppMetricaCoreExtension: 1fc4222eef017e25e8f89c5b02b8563179a40d13
  AppMetricaCoreUtils: 9e23195da2dc2d76404ac49592e05f1dd276d1e8
  AppMetricaCrashes: 41d7e00fc2da7ca9c8de670546d65635c81ff821
  AppMetricaEncodingUtils: 02f48c8d45b7883c4e2a85d49ec3a66a39fd4f6d
  AppMetricaFMDB: 482767dda08c9cec7c8d115d423aacb6b21e9e89
  AppMetricaHostState: 447bc4c02107b3531ae77fc91ea200ddc32bb029
  AppMetricaIdentifiers: 1c34f28d8650c4c5c931643ac8779f431e809c9f
  AppMetricaKeychain: 76f4afe269b233c1a2493350712d24c4d18858b8
  AppMetricaLibraryAdapter: f9a428c799b5d979bf8f1fc524e58a7a3d81026c
  AppMetricaLog: 84a50f144c83a7de66778dfa990db0ac1d60e10c
  AppMetricaLogSwift: 3ca89a024f3c8c7b09f4b2ce89a6e7ce65b3b7d6
  AppMetricaNetwork: e8ba646d4408e2b62e272f8b49c66ffda103bfbd
  AppMetricaPlatform: 543e24bd127eb94c14a708770980f9203e9403b4
  AppMetricaProtobuf: 437a155c3ea82c7fc9a5f8ff5037c513a2287225
  AppMetricaProtobufUtils: f8bf3222d88f466363a657dd14b575af16327d81
  AppMetricaScreenshot: 852d0d8e7507de940120550890bd75cb53fbdfe3
  AppMetricaStorageUtils: e10b5fbf8c8d9125ad200a360c9e95e53c7a0f3c
  AppMetricaSynchronization: 3c019f1c791e11f80de51cacda4b2ed4b20935a8
  AppMetricaWebKit: 4a659e1f6990460e8e4893d44a22af01b5c57a4f
  AppsFlyerFramework: 3c6c50b7b3f0f37f648a5b23114940e0766e65e8
  BidMachine: aae28c0331dbcec42d63a71b25b0470990b87fe7
  BigoADS: bb738d378da30134104f27e7d3c5f840fa051f4a
  ChartboostSDK: 9298ec2ea9ae6c5881877f87ca6bc3f68449fe0f
  DivKit: 4b180ad539b5935b96d75b3da18e1150cb3af2b3
  DivKit_LayoutKit: 82853b7606b2f974a6d704f6c143f957681a843e
  DivKit_LayoutKitInterface: 72e93bf2aba77da97153569ae183719ea0b75499
  DivKit_Serialization: 46fafda10b41cc3ea30d86591e7f161fa1b8ed10
  DivKitBinaryCompatibilityFacade: c84aece3e51e6d73f92eea12d8f6959f47a16d09
  FBAEMKit: cb719c53575a3be86ea873279f30d6a2c4e15881
  FBAudienceNetwork: 08e86d63a05b3a5a59414af12e4af8d756943c80
  FBSDKCoreKit: ecdb980a24633ccb012700299ceb16d0235e14d2
  FBSDKCoreKit_Basics: 045101c4a9ef10c845347424d73a29aae02c3e43
  FBSDKLoginKit: 69eb59b2f839aba635616df6e422acd0ca88030a
  Fyber_Marketplace_SDK: 078ce5d06cee765bc822ace5c231af7a17e8dcd1
  Google-Mobile-Ads-SDK: ece122bc89b38cab319543bc464a9ceabfe1d307
  GoogleUserMessagingPlatform: a8b56893477f67212fbc8411c139e61d463349f5
  InMobiSDK: a6e7bfbecb698c83183f42c5a3cfa1ac52f16bff
  IronSourceAdQualitySDK: 639d5a93e15e823538f87b75f3809c4905afc30b
  IronSourceSDK: 41b727888a5853a5489eb00115f26bb07044a76e
  KSCrash: bd950ede6c40a50bfc9f246c38a7f3408705fa3c
  MintegralAdSDK: 054814f99bb7e967b8974fe635d9005b225cbe42
  MobileFuseSDK: 62fce789df80d28d9bf90ebf72bb18f468dd60ca
  MolocoSDKiOS: c7b80e161cf7c0491592975db817ec6d8acf846b
  myTargetSDK: d5cc071911c6ce89331d0eb92ac973dcc4934d6b
  myTrackerSDK: 50f2ca5ca7a6aec2661f378b7441a85e15f2af29
  OMSDK_Appodeal: 066f9da2c77d560e319341c6bd4739828bc65842
  StackConsentManager: 3ef396bb4870b0772db2bb95f23d2ed304ba543d
  StackModules: cd35dad51d369dad83cce23e2211524d9a85342f
  StartAppSDK: 8da2f1ff9b74f37b11972de191266d40582e5fbf
  SwiftLint: bf6da11a31c6644a0bbb27f4fa15fd9636db00b3
  TaurusxAdsSDK: 5005501aa0f9fc222a11a17d62d67e9edff934b8
  UnityAds: 8c53660f12855f5f4da100f28709c3d2b4b83dbe
  VGSL: 99dc79cc84569059eeee5b642753ff71b59a0e1e
  VGSLFundamentals: 79a2e235a5ab40cb1515d246f6f4fca9b82fdf19
  VGSLNetworking: d70fae3d3dcc14cd1886c5aa0484ac86207aa58a
  VGSLUI: 393e7d3d4432204ac866a6240f822baba0e3f365
  VungleAds: 4a157577807c517ebb40cd4d09d34b77532083e1
  YandexMobileAds: 79b2ae356ae931752a7fe93d52e7b2827d03320e

PODFILE CHECKSUM: fea27c696d6e21d1a52ae06e22c87a77906c4859

COCOAPODS: 1.15.2
