PODS:
  - AmazonPublisherServicesSDK (4.9.7)
  - AppLovinSDK (13.0.0)
  - AppsFlyerFramework (6.15.2):
    - AppsFlyerFramework/Main (= 6.15.2)
  - AppsFlyerFramework/Main (6.15.2)
  - BidMachine (3.0.1):
    - BidMachine/Static (= 3.0.1)
  - BidMachine/Static (3.0.1):
    - StackModules/Static (~> 2.2.0)
  - BigoADS (4.4.0)
  - ChartboostSDK (9.7.0)
  - FBAEMKit (17.1.0):
    - FBSDKCoreKit_Basics (= 17.1.0)
  - FBAudienceNetwork (6.15.2)
  - FBSDKCoreKit (17.1.0):
    - FBAEMKit (= 17.1.0)
    - FBSDKCoreKit_Basics (= 17.1.0)
  - FBSDKCoreKit_Basics (17.1.0)
  - FBSDKLoginKit (17.1.0):
    - FBSDKCoreKit (= 17.1.0)
  - Fyber_Marketplace_SDK (8.3.2)
  - Google-Mobile-Ads-SDK (11.9.0):
    - GoogleUserMessagingPlatform (>= 1.1)
  - GoogleUserMessagingPlatform (2.6.0)
  - InMobiSDK (10.7.5)
  - IronSourceSDK (8.3.0.0)
  - MintegralAdSDK (7.7.2):
    - MintegralAdSDK/BannerAd (= 7.7.2)
    - MintegralAdSDK/BidBannerAd (= 7.7.2)
    - MintegralAdSDK/BidInterstitialVideoAd (= 7.7.2)
    - MintegralAdSDK/BidNativeAd (= 7.7.2)
    - MintegralAdSDK/BidNewInterstitialAd (= 7.7.2)
    - MintegralAdSDK/BidRewardVideoAd (= 7.7.2)
    - MintegralAdSDK/InterstitialVideoAd (= 7.7.2)
    - MintegralAdSDK/NativeAd (= 7.7.2)
    - MintegralAdSDK/NewInterstitialAd (= 7.7.2)
    - MintegralAdSDK/RewardVideoAd (= 7.7.2)
  - MintegralAdSDK/BannerAd (7.7.2):
    - MintegralAdSDK/NativeAd
  - MintegralAdSDK/BidBannerAd (7.7.2):
    - MintegralAdSDK/BannerAd
    - MintegralAdSDK/BidNativeAd
  - MintegralAdSDK/BidInterstitialVideoAd (7.7.2):
    - MintegralAdSDK/BidNativeAd
    - MintegralAdSDK/InterstitialVideoAd
  - MintegralAdSDK/BidNativeAd (7.7.2):
    - MintegralAdSDK/NativeAd
  - MintegralAdSDK/BidNewInterstitialAd (7.7.2):
    - MintegralAdSDK/BidNativeAd
    - MintegralAdSDK/NewInterstitialAd
  - MintegralAdSDK/BidRewardVideoAd (7.7.2):
    - MintegralAdSDK/BidNativeAd
    - MintegralAdSDK/RewardVideoAd
  - MintegralAdSDK/InterstitialVideoAd (7.7.2):
    - MintegralAdSDK/NativeAd
  - MintegralAdSDK/NativeAd (7.7.2)
  - MintegralAdSDK/NewInterstitialAd (7.7.2):
    - MintegralAdSDK/InterstitialVideoAd
    - MintegralAdSDK/NativeAd
  - MintegralAdSDK/RewardVideoAd (7.7.2):
    - MintegralAdSDK/NativeAd
  - MobileFuseSDK (1.7.6)
  - myTargetSDK (5.21.7):
    - myTrackerSDK (~> 3.1.1)
  - myTrackerSDK (3.1.13)
  - OCMock (3.9.4)
  - OMSDK_Appodeal (1.5.0)
  - StackConsentManager (2.0.5):
    - GoogleUserMessagingPlatform (~> 2.1)
  - StackModules/Core-Static (2.2.0)
  - StackModules/ProductPresentation-Static (2.2.0):
    - StackModules/Core-Static
  - StackModules/Rendering-Static (2.2.0):
    - OMSDK_Appodeal (~> 1.5.0)
    - StackModules/Core-Static
    - StackModules/ProductPresentation-Static
  - StackModules/Static (2.2.0):
    - StackModules/Core-Static
    - StackModules/ProductPresentation-Static
    - StackModules/Rendering-Static
  - UnityAds (4.12.2)
  - VungleAds (7.4.1)
  - YandexMobileAds (5.2.1):
    - YandexMobileAds/Static (= 5.2.1)
  - YandexMobileAds/Static (5.2.1):
    - YandexMobileMetrica (< 5.0.0, >= 4.0.0)
  - YandexMobileMetrica (4.5.2):
    - YandexMobileMetrica/Static (= 4.5.2)
  - YandexMobileMetrica/Static (4.5.2):
    - YandexMobileMetrica/Static/Core (= 4.5.2)
    - YandexMobileMetrica/Static/Crashes (= 4.5.2)
  - YandexMobileMetrica/Static/Core (4.5.2)
  - YandexMobileMetrica/Static/Crashes (4.5.2):
    - YandexMobileMetrica/Static/Core

DEPENDENCIES:
  - AmazonPublisherServicesSDK (~> 4.9.7)
  - AppLovinSDK (= 13.0.0)
  - AppsFlyerFramework (~> 6.15.2)
  - BidMachine (~> 3.0.1)
  - BigoADS (~> 4.4.0)
  - ChartboostSDK (= 9.7.0)
  - FBAudienceNetwork (= 6.15.2)
  - FBSDKLoginKit
  - Fyber_Marketplace_SDK (~> 8.3.2)
  - Google-Mobile-Ads-SDK (~> 11.9.0)
  - InMobiSDK (~> 10.7.5)
  - IronSourceSDK (= 8.3.0)
  - MintegralAdSDK (~> 7.7.2)
  - MobileFuseSDK
  - myTargetSDK (~> 5.21.7)
  - OCMock (~> 3.9.1)
  - StackConsentManager (~> 2.0.5)
  - UnityAds (~> 4.12.2)
  - VungleAds (~> 7.4.1)
  - YandexMobileAds (= 5.2.1)

SPEC REPOS:
  https://github.com/appodeal/CocoaPods.git:
    - StackConsentManager
  trunk:
    - AmazonPublisherServicesSDK
    - AppLovinSDK
    - AppsFlyerFramework
    - BidMachine
    - BigoADS
    - ChartboostSDK
    - FBAEMKit
    - FBAudienceNetwork
    - FBSDKCoreKit
    - FBSDKCoreKit_Basics
    - FBSDKLoginKit
    - Fyber_Marketplace_SDK
    - Google-Mobile-Ads-SDK
    - GoogleUserMessagingPlatform
    - InMobiSDK
    - IronSourceSDK
    - MintegralAdSDK
    - MobileFuseSDK
    - myTargetSDK
    - myTrackerSDK
    - OCMock
    - OMSDK_Appodeal
    - StackModules
    - UnityAds
    - VungleAds
    - YandexMobileAds
    - YandexMobileMetrica

SPEC CHECKSUMS:
  AmazonPublisherServicesSDK: c9e8ce9b12d9263d1635f490c1a57eaf6e595c69
  AppLovinSDK: c0ecb434df24008b6ecdd7f1e5b8587bc45ff381
  AppsFlyerFramework: 3c6c50b7b3f0f37f648a5b23114940e0766e65e8
  BidMachine: cb15c3d1324c8864954550cddd968605a2cfb3cf
  BigoADS: 164e32b1b7b5e78b2e99d9997e7fd1429708961c
  ChartboostSDK: 0cd093c90a5a21c89783fe5be486e511fb2dbfc8
  FBAEMKit: cb719c53575a3be86ea873279f30d6a2c4e15881
  FBAudienceNetwork: 2457a89b45e2596241fd81b0c2fd8cb6f6053869
  FBSDKCoreKit: ecdb980a24633ccb012700299ceb16d0235e14d2
  FBSDKCoreKit_Basics: 045101c4a9ef10c845347424d73a29aae02c3e43
  FBSDKLoginKit: 69eb59b2f839aba635616df6e422acd0ca88030a
  Fyber_Marketplace_SDK: 215c2020efd507c0e97f40871e96a26918f8986e
  Google-Mobile-Ads-SDK: 6a3cdd892fd87c8b2a388c1cc74d2b7df2570f0b
  GoogleUserMessagingPlatform: 0c3a08353e53ce8c2feab7addd0b652cde522450
  InMobiSDK: 728c861e41cd738eaf0a26b87f0e3f945e8c5602
  IronSourceSDK: 2dbbc8b9d20cbc4a60901e07e0aa5f3bf6a15d9a
  MintegralAdSDK: 7e05f9ab5f555b7049435a9477d457d7bf9b5473
  MobileFuseSDK: aeb8ddc70e99ead934a05df7a85b69a5a8100ae7
  myTargetSDK: 9d2e3f4ca51aa8ae9ecf7501941b3f2fbd5ea088
  myTrackerSDK: 00e1b88f81d701f2c31cd0d7db736c9fc66cad61
  OCMock: 589f2c84dacb1f5aaf6e4cec1f292551fe748e74
  OMSDK_Appodeal: e826c93f06bef197c0fb32c19929e03d0c4cd92e
  StackConsentManager: 3f03656a53224b08149dbc66ef9f4153f0f68c44
  StackModules: 01456d85a6ddbaa52059e9d9d6ee7ec8812d10ca
  UnityAds: f746f4baac748fcf8b70f0d70c816f6316808d3e
  VungleAds: 97140121d0b909891eb217d1c102a194601da607
  YandexMobileAds: 3d7708df615f92815a3acedf9869da46d0b4d65e
  YandexMobileMetrica: f5368ee93f286c793d73b58da00929babfc897c1

PODFILE CHECKSUM: 7f78a5c4bfc94682db96c8b2a5affc682c0de07f

COCOAPODS: 1.15.2
