PODS:
  - AmazonPublisherServicesSDK (5.3.0)
  - AppLovinSDK (13.3.1)
  - AppsFlyerFramework (6.15.3):
    - AppsFlyerFramework/Main (= 6.15.3)
  - AppsFlyerFramework/Main (6.15.3)
  - BidMachine (3.4.0):
    - BidMachine/Static (= 3.4.0)
  - BidMachine/Static (3.4.0):
    - StackModules/Static (~> 3.3.0)
  - BigoADS (4.9.1)
  - ChartboostSDK (9.9.2)
  - FBAEMKit (17.1.0):
    - FBSDKCoreKit_Basics (= 17.1.0)
  - FBAudienceNetwork (6.20.1)
  - FBSDKCoreKit (17.1.0):
    - FBAEMKit (= 17.1.0)
    - FBSDKCoreKit_Basics (= 17.1.0)
  - FBSDKCoreKit_Basics (17.1.0)
  - FBSDKLoginKit (17.1.0):
    - FBSDKCoreKit (= 17.1.0)
  - Fyber_Marketplace_SDK (8.3.8)
  - Google-Mobile-Ads-SDK (12.8.0):
    - GoogleUserMessagingPlatform (>= 1.1)
  - GoogleUserMessagingPlatform (2.7.0)
  - InMobiSDK (10.8.6)
  - IronSourceAdQualitySDK (7.25.2)
  - IronSourceSDK (8.10.0.0):
    - IronSourceSDK/AdQuality (= 8.10.0.0)
    - IronSourceSDK/Ads (= 8.10.0.0)
  - IronSourceSDK/AdQuality (8.10.0.0):
    - IronSourceAdQualitySDK (~> 7.25.2)
  - IronSourceSDK/Ads (8.10.0.0)
  - MintegralAdSDK (7.7.9):
    - MintegralAdSDK/BannerAd (= 7.7.9)
    - MintegralAdSDK/BidBannerAd (= 7.7.9)
    - MintegralAdSDK/BidInterstitialVideoAd (= 7.7.9)
    - MintegralAdSDK/BidNativeAd (= 7.7.9)
    - MintegralAdSDK/BidNewInterstitialAd (= 7.7.9)
    - MintegralAdSDK/BidRewardVideoAd (= 7.7.9)
    - MintegralAdSDK/InterstitialVideoAd (= 7.7.9)
    - MintegralAdSDK/NativeAd (= 7.7.9)
    - MintegralAdSDK/NewInterstitialAd (= 7.7.9)
    - MintegralAdSDK/RewardVideoAd (= 7.7.9)
  - MintegralAdSDK/BannerAd (7.7.9):
    - MintegralAdSDK/NativeAd
  - MintegralAdSDK/BidBannerAd (7.7.9):
    - MintegralAdSDK/BannerAd
    - MintegralAdSDK/BidNativeAd
  - MintegralAdSDK/BidInterstitialVideoAd (7.7.9):
    - MintegralAdSDK/BidNativeAd
    - MintegralAdSDK/InterstitialVideoAd
  - MintegralAdSDK/BidNativeAd (7.7.9):
    - MintegralAdSDK/NativeAd
  - MintegralAdSDK/BidNewInterstitialAd (7.7.9):
    - MintegralAdSDK/BidNativeAd
    - MintegralAdSDK/NewInterstitialAd
  - MintegralAdSDK/BidRewardVideoAd (7.7.9):
    - MintegralAdSDK/BidNativeAd
    - MintegralAdSDK/RewardVideoAd
  - MintegralAdSDK/InterstitialVideoAd (7.7.9):
    - MintegralAdSDK/NativeAd
  - MintegralAdSDK/NativeAd (7.7.9)
  - MintegralAdSDK/NewInterstitialAd (7.7.9):
    - MintegralAdSDK/InterstitialVideoAd
    - MintegralAdSDK/NativeAd
  - MintegralAdSDK/RewardVideoAd (7.7.9):
    - MintegralAdSDK/NativeAd
  - MobileFuseSDK (1.9.2)
  - myTargetSDK (5.33.0):
    - myTrackerSDK (~> 3.3.0)
  - myTrackerSDK (3.3.0)
  - OCMock (3.9.4)
  - OMSDK_Appodeal (1.5.2)
  - StackConsentManager (3.0.0):
    - GoogleUserMessagingPlatform (~> 2.1)
  - StackModules/Core-Static (3.3.0)
  - StackModules/ProductPresentation-Static (3.3.0):
    - StackModules/Core-Static
  - StackModules/Rendering-Static (3.3.0):
    - OMSDK_Appodeal (= 1.5.2)
    - StackModules/Core-Static
    - StackModules/ProductPresentation-Static
  - StackModules/Static (3.3.0):
    - StackModules/Core-Static
    - StackModules/ProductPresentation-Static
    - StackModules/Rendering-Static
  - SwiftLint (0.59.1)
  - UnityAds (4.16.0)
  - VungleAds (7.5.3)
  - YandexMobileAds (5.2.1):
    - YandexMobileAds/Static (= 5.2.1)
  - YandexMobileAds/Static (5.2.1):
    - YandexMobileMetrica (< 5.0.0, >= 4.0.0)
  - YandexMobileMetrica (4.5.2):
    - YandexMobileMetrica/Static (= 4.5.2)
  - YandexMobileMetrica/Static (4.5.2):
    - YandexMobileMetrica/Static/Core (= 4.5.2)
    - YandexMobileMetrica/Static/Crashes (= 4.5.2)
  - YandexMobileMetrica/Static/Core (4.5.2)
  - YandexMobileMetrica/Static/Crashes (4.5.2):
    - YandexMobileMetrica/Static/Core

DEPENDENCIES:
  - AmazonPublisherServicesSDK (~> 5.3.0)
  - AppLovinSDK (~> 13.1)
  - AppLovinSDK (~> 13.3.1)
  - AppsFlyerFramework (~> 6.15.2)
  - BidMachine (~> 3.4.0)
  - BigoADS (~> 4.9.0)
  - ChartboostSDK (~> 9.9.2)
  - FBAudienceNetwork (~> 6.20.1)
  - FBSDKLoginKit (~> 17.1.0)
  - Fyber_Marketplace_SDK (~> 8.3.8)
  - Google-Mobile-Ads-SDK (~> 12.8)
  - InMobiSDK (~> 10.8.6)
  - IronSourceSDK (~> 8.10)
  - IronSourceSDK (~> 8.10.0)
  - MintegralAdSDK (~> 7.7.9)
  - MobileFuseSDK (~> 1.9.2)
  - myTargetSDK (~> 5.33.0)
  - OCMock (~> 3.9.4)
  - StackConsentManager (~> 3.0.0)
  - SwiftLint
  - UnityAds (~> 4.16.0)
  - VungleAds (~> 7.5.2)
  - YandexMobileAds (= 5.2.1)

SPEC REPOS:
  https://github.com/appodeal/CocoaPods.git:
    - StackConsentManager
  trunk:
    - AmazonPublisherServicesSDK
    - AppLovinSDK
    - AppsFlyerFramework
    - BidMachine
    - BigoADS
    - ChartboostSDK
    - FBAEMKit
    - FBAudienceNetwork
    - FBSDKCoreKit
    - FBSDKCoreKit_Basics
    - FBSDKLoginKit
    - Fyber_Marketplace_SDK
    - Google-Mobile-Ads-SDK
    - GoogleUserMessagingPlatform
    - InMobiSDK
    - IronSourceAdQualitySDK
    - IronSourceSDK
    - MintegralAdSDK
    - MobileFuseSDK
    - myTargetSDK
    - myTrackerSDK
    - OCMock
    - OMSDK_Appodeal
    - StackModules
    - SwiftLint
    - UnityAds
    - VungleAds
    - YandexMobileAds
    - YandexMobileMetrica

SPEC CHECKSUMS:
  AmazonPublisherServicesSDK: 351eb855ee50b7dfb15f7e2569c1bf31a5fa9fe7
  AppLovinSDK: 5075837afdee4fb429121799b8cbcc5918ef3a23
  AppsFlyerFramework: ad7ff0d22aa36c7f8cc4f71a5424e19b89ccb8ae
  BidMachine: aae28c0331dbcec42d63a71b25b0470990b87fe7
  BigoADS: b15dd89a2f8ce5230843940deae011e5192e1686
  ChartboostSDK: 9298ec2ea9ae6c5881877f87ca6bc3f68449fe0f
  FBAEMKit: cb719c53575a3be86ea873279f30d6a2c4e15881
  FBAudienceNetwork: 08e86d63a05b3a5a59414af12e4af8d756943c80
  FBSDKCoreKit: ecdb980a24633ccb012700299ceb16d0235e14d2
  FBSDKCoreKit_Basics: 045101c4a9ef10c845347424d73a29aae02c3e43
  FBSDKLoginKit: 69eb59b2f839aba635616df6e422acd0ca88030a
  Fyber_Marketplace_SDK: 078ce5d06cee765bc822ace5c231af7a17e8dcd1
  Google-Mobile-Ads-SDK: ece122bc89b38cab319543bc464a9ceabfe1d307
  GoogleUserMessagingPlatform: a8b56893477f67212fbc8411c139e61d463349f5
  InMobiSDK: a6e7bfbecb698c83183f42c5a3cfa1ac52f16bff
  IronSourceAdQualitySDK: 639d5a93e15e823538f87b75f3809c4905afc30b
  IronSourceSDK: 41b727888a5853a5489eb00115f26bb07044a76e
  MintegralAdSDK: 054814f99bb7e967b8974fe635d9005b225cbe42
  MobileFuseSDK: 62fce789df80d28d9bf90ebf72bb18f468dd60ca
  myTargetSDK: d5cc071911c6ce89331d0eb92ac973dcc4934d6b
  myTrackerSDK: 50f2ca5ca7a6aec2661f378b7441a85e15f2af29
  OCMock: 589f2c84dacb1f5aaf6e4cec1f292551fe748e74
  OMSDK_Appodeal: 066f9da2c77d560e319341c6bd4739828bc65842
  StackConsentManager: 3ef396bb4870b0772db2bb95f23d2ed304ba543d
  StackModules: 0b77df5a1453951c9e6aa0e32cab0b055fbf68e1
  SwiftLint: 3d48e2fb2a3468fdaccf049e5e755df22fb40c2c
  UnityAds: 8c53660f12855f5f4da100f28709c3d2b4b83dbe
  VungleAds: 3b273eba0219680dbef90d51e690d165422702d9
  YandexMobileAds: 3d7708df615f92815a3acedf9869da46d0b4d65e
  YandexMobileMetrica: f5368ee93f286c793d73b58da00929babfc897c1

PODFILE CHECKSUM: 5bbcd19e37e42070105992636e8ce21022524526

COCOAPODS: 1.16.2
